// !$*UTF8*$!
{
	archiveVersion = 1;
	classes = {
	};
	objectVersion = 56;
	objects = {

/* Begin PBXBuildFile section */
		31936AC3962026FB211D4808 /* Pods_Wordle_Taylors_VersionTests.framework in Frameworks */ = {isa = PBXBuildFile; fileRef = C6E06E572122BA53EC26CB7E /* Pods_Wordle_Taylors_VersionTests.framework */; };
		453E416D295BE6E5001F310F /* Wordle_Taylors_VersionApp.swift in Sources */ = {isa = PBXBuildFile; fileRef = 453E416C295BE6E5001F310F /* Wordle_Taylors_VersionApp.swift */; };
		453E416F295BE6E5001F310F /* ContentView.swift in Sources */ = {isa = PBXBuildFile; fileRef = 453E416E295BE6E5001F310F /* ContentView.swift */; };
		453E4171295BE6E6001F310F /* Assets.xcassets in Resources */ = {isa = PBXBuildFile; fileRef = 453E4170295BE6E6001F310F /* Assets.xcassets */; };
		453E4174295BE6E6001F310F /* Preview Assets.xcassets in Resources */ = {isa = PBXBuildFile; fileRef = 453E4173295BE6E6001F310F /* Preview Assets.xcassets */; };
		453E417E295BE6E6001F310F /* Wordle_Taylors_VersionTests.swift in Sources */ = {isa = PBXBuildFile; fileRef = 453E417D295BE6E6001F310F /* Wordle_Taylors_VersionTests.swift */; };
		453E4188295BE6E6001F310F /* Wordle_Taylors_VersionUITests.swift in Sources */ = {isa = PBXBuildFile; fileRef = 453E4187295BE6E6001F310F /* Wordle_Taylors_VersionUITests.swift */; };
		453E418A295BE6E6001F310F /* Wordle_Taylors_VersionUITestsLaunchTests.swift in Sources */ = {isa = PBXBuildFile; fileRef = 453E4189295BE6E6001F310F /* Wordle_Taylors_VersionUITestsLaunchTests.swift */; };
		45F59288295BF5AA00E30415 /* Song.swift in Sources */ = {isa = PBXBuildFile; fileRef = 45F59286295BF5AA00E30415 /* Song.swift */; };
		45F59289295BF5AA00E30415 /* ContentViewModel.swift in Sources */ = {isa = PBXBuildFile; fileRef = 45F59287295BF5AA00E30415 /* ContentViewModel.swift */; };
		45F5928D295BF7A500E30415 /* songs.csv in Resources */ = {isa = PBXBuildFile; fileRef = 45F5928B295BF7A500E30415 /* songs.csv */; };
		45F5928E295BF7A500E30415 /* song_titles.txt in Resources */ = {isa = PBXBuildFile; fileRef = 45F5928C295BF7A500E30415 /* song_titles.txt */; };
		45F59291295C051700E30415 /* DailyView.swift in Sources */ = {isa = PBXBuildFile; fileRef = 45F59290295C051700E30415 /* DailyView.swift */; };
		45F59294295C05EF00E30415 /* WordleViewModelProtocol.swift in Sources */ = {isa = PBXBuildFile; fileRef = 45F59293295C05EF00E30415 /* WordleViewModelProtocol.swift */; };
		45F59296295C094800E30415 /* DailyViewModel.swift in Sources */ = {isa = PBXBuildFile; fileRef = 45F59295295C094800E30415 /* DailyViewModel.swift */; };
		45F59298295C1B9B00E30415 /* PracticeView.swift in Sources */ = {isa = PBXBuildFile; fileRef = 45F59297295C1B9B00E30415 /* PracticeView.swift */; };
		45F5929A295C1BB700E30415 /* PracticeViewModel.swift in Sources */ = {isa = PBXBuildFile; fileRef = 45F59299295C1BB700E30415 /* PracticeViewModel.swift */; };
		45F5929C295CBF3200E30415 /* WordleState.swift in Sources */ = {isa = PBXBuildFile; fileRef = 45F5929B295CBF3200E30415 /* WordleState.swift */; };
		45F592A0295CF40500E30415 /* Date+WTV.swift in Sources */ = {isa = PBXBuildFile; fileRef = 45F5929F295CF40500E30415 /* Date+WTV.swift */; };
		B1C31038EC2ABC1E84A746B1 /* Pods_Wordle_Taylors_Version.framework in Frameworks */ = {isa = PBXBuildFile; fileRef = E7E7284CAB762C9A740910B9 /* Pods_Wordle_Taylors_Version.framework */; };
		F471210E062DFC4536E5250C /* Pods_Wordle_Taylors_Version_Wordle_Taylors_VersionUITests.framework in Frameworks */ = {isa = PBXBuildFile; fileRef = 0022ED103246023949E03648 /* Pods_Wordle_Taylors_Version_Wordle_Taylors_VersionUITests.framework */; };
/* End PBXBuildFile section */

/* Begin PBXContainerItemProxy section */
		453E417A295BE6E6001F310F /* PBXContainerItemProxy */ = {
			isa = PBXContainerItemProxy;
			containerPortal = 453E4161295BE6E5001F310F /* Project object */;
			proxyType = 1;
			remoteGlobalIDString = 453E4168295BE6E5001F310F;
			remoteInfo = "Wordle Taylors Version";
		};
		453E4184295BE6E6001F310F /* PBXContainerItemProxy */ = {
			isa = PBXContainerItemProxy;
			containerPortal = 453E4161295BE6E5001F310F /* Project object */;
			proxyType = 1;
			remoteGlobalIDString = 453E4168295BE6E5001F310F;
			remoteInfo = "Wordle Taylors Version";
		};
/* End PBXContainerItemProxy section */

/* Begin PBXFileReference section */
		0022ED103246023949E03648 /* Pods_Wordle_Taylors_Version_Wordle_Taylors_VersionUITests.framework */ = {isa = PBXFileReference; explicitFileType = wrapper.framework; includeInIndex = 0; path = Pods_Wordle_Taylors_Version_Wordle_Taylors_VersionUITests.framework; sourceTree = BUILT_PRODUCTS_DIR; };
		2253272852B2D082F288B086 /* Pods-Wordle Taylors Version.release.xcconfig */ = {isa = PBXFileReference; includeInIndex = 1; lastKnownFileType = text.xcconfig; name = "Pods-Wordle Taylors Version.release.xcconfig"; path = "Target Support Files/Pods-Wordle Taylors Version/Pods-Wordle Taylors Version.release.xcconfig"; sourceTree = "<group>"; };
		453E4169295BE6E5001F310F /* Wordle Taylors Version.app */ = {isa = PBXFileReference; explicitFileType = wrapper.application; includeInIndex = 0; path = "Wordle Taylors Version.app"; sourceTree = BUILT_PRODUCTS_DIR; };
		453E416C295BE6E5001F310F /* Wordle_Taylors_VersionApp.swift */ = {isa = PBXFileReference; lastKnownFileType = sourcecode.swift; path = Wordle_Taylors_VersionApp.swift; sourceTree = "<group>"; };
		453E416E295BE6E5001F310F /* ContentView.swift */ = {isa = PBXFileReference; lastKnownFileType = sourcecode.swift; path = ContentView.swift; sourceTree = "<group>"; };
		453E4170295BE6E6001F310F /* Assets.xcassets */ = {isa = PBXFileReference; lastKnownFileType = folder.assetcatalog; path = Assets.xcassets; sourceTree = "<group>"; };
		453E4173295BE6E6001F310F /* Preview Assets.xcassets */ = {isa = PBXFileReference; lastKnownFileType = folder.assetcatalog; path = "Preview Assets.xcassets"; sourceTree = "<group>"; };
		453E4179295BE6E6001F310F /* Wordle Taylors VersionTests.xctest */ = {isa = PBXFileReference; explicitFileType = wrapper.cfbundle; includeInIndex = 0; path = "Wordle Taylors VersionTests.xctest"; sourceTree = BUILT_PRODUCTS_DIR; };
		453E417D295BE6E6001F310F /* Wordle_Taylors_VersionTests.swift */ = {isa = PBXFileReference; lastKnownFileType = sourcecode.swift; path = Wordle_Taylors_VersionTests.swift; sourceTree = "<group>"; };
		453E4183295BE6E6001F310F /* Wordle Taylors VersionUITests.xctest */ = {isa = PBXFileReference; explicitFileType = wrapper.cfbundle; includeInIndex = 0; path = "Wordle Taylors VersionUITests.xctest"; sourceTree = BUILT_PRODUCTS_DIR; };
		453E4187295BE6E6001F310F /* Wordle_Taylors_VersionUITests.swift */ = {isa = PBXFileReference; lastKnownFileType = sourcecode.swift; path = Wordle_Taylors_VersionUITests.swift; sourceTree = "<group>"; };
		453E4189295BE6E6001F310F /* Wordle_Taylors_VersionUITestsLaunchTests.swift */ = {isa = PBXFileReference; lastKnownFileType = sourcecode.swift; path = Wordle_Taylors_VersionUITestsLaunchTests.swift; sourceTree = "<group>"; };
		455BE736BA673366457EE20C /* Pods-Wordle Taylors VersionTests.release.xcconfig */ = {isa = PBXFileReference; includeInIndex = 1; lastKnownFileType = text.xcconfig; name = "Pods-Wordle Taylors VersionTests.release.xcconfig"; path = "Target Support Files/Pods-Wordle Taylors VersionTests/Pods-Wordle Taylors VersionTests.release.xcconfig"; sourceTree = "<group>"; };
		45F59286295BF5AA00E30415 /* Song.swift */ = {isa = PBXFileReference; fileEncoding = 4; lastKnownFileType = sourcecode.swift; path = Song.swift; sourceTree = "<group>"; };
		45F59287295BF5AA00E30415 /* ContentViewModel.swift */ = {isa = PBXFileReference; fileEncoding = 4; lastKnownFileType = sourcecode.swift; path = ContentViewModel.swift; sourceTree = "<group>"; };
		45F5928B295BF7A500E30415 /* songs.csv */ = {isa = PBXFileReference; fileEncoding = 4; lastKnownFileType = text; path = songs.csv; sourceTree = "<group>"; };
		45F5928C295BF7A500E30415 /* song_titles.txt */ = {isa = PBXFileReference; fileEncoding = 4; lastKnownFileType = text; path = song_titles.txt; sourceTree = "<group>"; };
		45F59290295C051700E30415 /* DailyView.swift */ = {isa = PBXFileReference; lastKnownFileType = sourcecode.swift; path = DailyView.swift; sourceTree = "<group>"; };
		45F59293295C05EF00E30415 /* WordleViewModelProtocol.swift */ = {isa = PBXFileReference; lastKnownFileType = sourcecode.swift; path = WordleViewModelProtocol.swift; sourceTree = "<group>"; };
		45F59295295C094800E30415 /* DailyViewModel.swift */ = {isa = PBXFileReference; lastKnownFileType = sourcecode.swift; path = DailyViewModel.swift; sourceTree = "<group>"; };
		45F59297295C1B9B00E30415 /* PracticeView.swift */ = {isa = PBXFileReference; lastKnownFileType = sourcecode.swift; path = PracticeView.swift; sourceTree = "<group>"; };
		45F59299295C1BB700E30415 /* PracticeViewModel.swift */ = {isa = PBXFileReference; lastKnownFileType = sourcecode.swift; path = PracticeViewModel.swift; sourceTree = "<group>"; };
		45F5929B295CBF3200E30415 /* WordleState.swift */ = {isa = PBXFileReference; lastKnownFileType = sourcecode.swift; path = WordleState.swift; sourceTree = "<group>"; };
		45F5929F295CF40500E30415 /* Date+WTV.swift */ = {isa = PBXFileReference; lastKnownFileType = sourcecode.swift; path = "Date+WTV.swift"; sourceTree = "<group>"; };
		76D8589799F2E4CA6149EAB6 /* Pods-Wordle Taylors Version-Wordle Taylors VersionUITests.release.xcconfig */ = {isa = PBXFileReference; includeInIndex = 1; lastKnownFileType = text.xcconfig; name = "Pods-Wordle Taylors Version-Wordle Taylors VersionUITests.release.xcconfig"; path = "Target Support Files/Pods-Wordle Taylors Version-Wordle Taylors VersionUITests/Pods-Wordle Taylors Version-Wordle Taylors VersionUITests.release.xcconfig"; sourceTree = "<group>"; };
		B09DD3475DBB5C3E884324CC /* Pods-Wordle Taylors Version-Wordle Taylors VersionUITests.debug.xcconfig */ = {isa = PBXFileReference; includeInIndex = 1; lastKnownFileType = text.xcconfig; name = "Pods-Wordle Taylors Version-Wordle Taylors VersionUITests.debug.xcconfig"; path = "Target Support Files/Pods-Wordle Taylors Version-Wordle Taylors VersionUITests/Pods-Wordle Taylors Version-Wordle Taylors VersionUITests.debug.xcconfig"; sourceTree = "<group>"; };
		C6E06E572122BA53EC26CB7E /* Pods_Wordle_Taylors_VersionTests.framework */ = {isa = PBXFileReference; explicitFileType = wrapper.framework; includeInIndex = 0; path = Pods_Wordle_Taylors_VersionTests.framework; sourceTree = BUILT_PRODUCTS_DIR; };
		D292B978ED9B1D0544CB818F /* Pods-Wordle Taylors VersionTests.debug.xcconfig */ = {isa = PBXFileReference; includeInIndex = 1; lastKnownFileType = text.xcconfig; name = "Pods-Wordle Taylors VersionTests.debug.xcconfig"; path = "Target Support Files/Pods-Wordle Taylors VersionTests/Pods-Wordle Taylors VersionTests.debug.xcconfig"; sourceTree = "<group>"; };
		E7E7284CAB762C9A740910B9 /* Pods_Wordle_Taylors_Version.framework */ = {isa = PBXFileReference; explicitFileType = wrapper.framework; includeInIndex = 0; path = Pods_Wordle_Taylors_Version.framework; sourceTree = BUILT_PRODUCTS_DIR; };
		FCF774B7349A0F75F23FB45D /* Pods-Wordle Taylors Version.debug.xcconfig */ = {isa = PBXFileReference; includeInIndex = 1; lastKnownFileType = text.xcconfig; name = "Pods-Wordle Taylors Version.debug.xcconfig"; path = "Target Support Files/Pods-Wordle Taylors Version/Pods-Wordle Taylors Version.debug.xcconfig"; sourceTree = "<group>"; };
/* End PBXFileReference section */

/* Begin PBXFrameworksBuildPhase section */
		453E4166295BE6E5001F310F /* Frameworks */ = {
			isa = PBXFrameworksBuildPhase;
			buildActionMask = 2147483647;
			files = (
				B1C31038EC2ABC1E84A746B1 /* Pods_Wordle_Taylors_Version.framework in Frameworks */,
			);
			runOnlyForDeploymentPostprocessing = 0;
		};
		453E4176295BE6E6001F310F /* Frameworks */ = {
			isa = PBXFrameworksBuildPhase;
			buildActionMask = 2147483647;
			files = (
				31936AC3962026FB211D4808 /* Pods_Wordle_Taylors_VersionTests.framework in Frameworks */,
			);
			runOnlyForDeploymentPostprocessing = 0;
		};
		453E4180295BE6E6001F310F /* Frameworks */ = {
			isa = PBXFrameworksBuildPhase;
			buildActionMask = 2147483647;
			files = (
				F471210E062DFC4536E5250C /* Pods_Wordle_Taylors_Version_Wordle_Taylors_VersionUITests.framework in Frameworks */,
			);
			runOnlyForDeploymentPostprocessing = 0;
		};
/* End PBXFrameworksBuildPhase section */

/* Begin PBXGroup section */
		453E4160295BE6E5001F310F = {
			isa = PBXGroup;
			children = (
				453E416B295BE6E5001F310F /* Wordle Taylors Version */,
				453E417C295BE6E6001F310F /* Wordle Taylors VersionTests */,
				453E4186295BE6E6001F310F /* Wordle Taylors VersionUITests */,
				453E416A295BE6E5001F310F /* Products */,
				B6B971826F09B93112653EB0 /* Pods */,
				A6762A519B7CB12367CC3B9C /* Frameworks */,
			);
			sourceTree = "<group>";
		};
		453E416A295BE6E5001F310F /* Products */ = {
			isa = PBXGroup;
			children = (
				453E4169295BE6E5001F310F /* Wordle Taylors Version.app */,
				453E4179295BE6E6001F310F /* Wordle Taylors VersionTests.xctest */,
				453E4183295BE6E6001F310F /* Wordle Taylors VersionUITests.xctest */,
			);
			name = Products;
			sourceTree = "<group>";
		};
		453E416B295BE6E5001F310F /* Wordle Taylors Version */ = {
			isa = PBXGroup;
			children = (
				45F59292295C05CB00E30415 /* ViewModels */,
				45F5928F295C04FB00E30415 /* Views */,
				45F5928A295BF7A500E30415 /* SongInfo */,
				453E416C295BE6E5001F310F /* Wordle_Taylors_VersionApp.swift */,
				45F5929F295CF40500E30415 /* Date+WTV.swift */,
				453E4170295BE6E6001F310F /* Assets.xcassets */,
				453E4172295BE6E6001F310F /* Preview Content */,
				45F5929B295CBF3200E30415 /* WordleState.swift */,
			);
			path = "Wordle Taylors Version";
			sourceTree = "<group>";
		};
		453E4172295BE6E6001F310F /* Preview Content */ = {
			isa = PBXGroup;
			children = (
				453E4173295BE6E6001F310F /* Preview Assets.xcassets */,
			);
			path = "Preview Content";
			sourceTree = "<group>";
		};
		453E417C295BE6E6001F310F /* Wordle Taylors VersionTests */ = {
			isa = PBXGroup;
			children = (
				453E417D295BE6E6001F310F /* Wordle_Taylors_VersionTests.swift */,
			);
			path = "Wordle Taylors VersionTests";
			sourceTree = "<group>";
		};
		453E4186295BE6E6001F310F /* Wordle Taylors VersionUITests */ = {
			isa = PBXGroup;
			children = (
				453E4187295BE6E6001F310F /* Wordle_Taylors_VersionUITests.swift */,
				453E4189295BE6E6001F310F /* Wordle_Taylors_VersionUITestsLaunchTests.swift */,
			);
			path = "Wordle Taylors VersionUITests";
			sourceTree = "<group>";
		};
		45F5928A295BF7A500E30415 /* SongInfo */ = {
			isa = PBXGroup;
			children = (
				45F59286295BF5AA00E30415 /* Song.swift */,
				45F5928B295BF7A500E30415 /* songs.csv */,
				45F5928C295BF7A500E30415 /* song_titles.txt */,
			);
			path = SongInfo;
			sourceTree = "<group>";
		};
		45F5928F295C04FB00E30415 /* Views */ = {
			isa = PBXGroup;
			children = (
				453E416E295BE6E5001F310F /* ContentView.swift */,
				45F59290295C051700E30415 /* DailyView.swift */,
				45F59297295C1B9B00E30415 /* PracticeView.swift */,
			);
			path = Views;
			sourceTree = "<group>";
		};
		45F59292295C05CB00E30415 /* ViewModels */ = {
			isa = PBXGroup;
			children = (
				45F59287295BF5AA00E30415 /* ContentViewModel.swift */,
				45F59293295C05EF00E30415 /* WordleViewModelProtocol.swift */,
				45F59295295C094800E30415 /* DailyViewModel.swift */,
				45F59299295C1BB700E30415 /* PracticeViewModel.swift */,
			);
			path = ViewModels;
			sourceTree = "<group>";
		};
		A6762A519B7CB12367CC3B9C /* Frameworks */ = {
			isa = PBXGroup;
			children = (
				E7E7284CAB762C9A740910B9 /* Pods_Wordle_Taylors_Version.framework */,
				0022ED103246023949E03648 /* Pods_Wordle_Taylors_Version_Wordle_Taylors_VersionUITests.framework */,
				C6E06E572122BA53EC26CB7E /* Pods_Wordle_Taylors_VersionTests.framework */,
			);
			name = Frameworks;
			sourceTree = "<group>";
		};
		B6B971826F09B93112653EB0 /* Pods */ = {
			isa = PBXGroup;
			children = (
				FCF774B7349A0F75F23FB45D /* Pods-Wordle Taylors Version.debug.xcconfig */,
				2253272852B2D082F288B086 /* Pods-Wordle Taylors Version.release.xcconfig */,
				B09DD3475DBB5C3E884324CC /* Pods-Wordle Taylors Version-Wordle Taylors VersionUITests.debug.xcconfig */,
				76D8589799F2E4CA6149EAB6 /* Pods-Wordle Taylors Version-Wordle Taylors VersionUITests.release.xcconfig */,
				D292B978ED9B1D0544CB818F /* Pods-Wordle Taylors VersionTests.debug.xcconfig */,
				455BE736BA673366457EE20C /* Pods-Wordle Taylors VersionTests.release.xcconfig */,
			);
			path = Pods;
			sourceTree = "<group>";
		};
/* End PBXGroup section */

/* Begin PBXNativeTarget section */
		453E4168295BE6E5001F310F /* Wordle Taylors Version */ = {
			isa = PBXNativeTarget;
			buildConfigurationList = 453E418D295BE6E6001F310F /* Build configuration list for PBXNativeTarget "Wordle Taylors Version" */;
			buildPhases = (
				E4D54040A67F34F067F5DAA9 /* [CP] Check Pods Manifest.lock */,
				453E4165295BE6E5001F310F /* Sources */,
				453E4166295BE6E5001F310F /* Frameworks */,
				453E4167295BE6E5001F310F /* Resources */,
				5D508D465D7415F586E71F8B /* [CP] Embed Pods Frameworks */,
			);
			buildRules = (
			);
			dependencies = (
			);
			name = "Wordle Taylors Version";
			productName = "Wordle Taylors Version";
			productReference = 453E4169295BE6E5001F310F /* Wordle Taylors Version.app */;
			productType = "com.apple.product-type.application";
		};
		453E4178295BE6E6001F310F /* Wordle Taylors VersionTests */ = {
			isa = PBXNativeTarget;
			buildConfigurationList = 453E4190295BE6E6001F310F /* Build configuration list for PBXNativeTarget "Wordle Taylors VersionTests" */;
			buildPhases = (
				16B9DF1B02727C1BF51D4439 /* [CP] Check Pods Manifest.lock */,
				453E4175295BE6E6001F310F /* Sources */,
				453E4176295BE6E6001F310F /* Frameworks */,
				453E4177295BE6E6001F310F /* Resources */,
			);
			buildRules = (
			);
			dependencies = (
				453E417B295BE6E6001F310F /* PBXTargetDependency */,
			);
			name = "Wordle Taylors VersionTests";
			productName = "Wordle Taylors VersionTests";
			productReference = 453E4179295BE6E6001F310F /* Wordle Taylors VersionTests.xctest */;
			productType = "com.apple.product-type.bundle.unit-test";
		};
		453E4182295BE6E6001F310F /* Wordle Taylors VersionUITests */ = {
			isa = PBXNativeTarget;
			buildConfigurationList = 453E4193295BE6E6001F310F /* Build configuration list for PBXNativeTarget "Wordle Taylors VersionUITests" */;
			buildPhases = (
				7A5EA0C42200A0BB50C1A218 /* [CP] Check Pods Manifest.lock */,
				453E417F295BE6E6001F310F /* Sources */,
				453E4180295BE6E6001F310F /* Frameworks */,
				453E4181295BE6E6001F310F /* Resources */,
				35E4EAB3E9E85F634F7B7BEE /* [CP] Embed Pods Frameworks */,
			);
			buildRules = (
			);
			dependencies = (
				453E4185295BE6E6001F310F /* PBXTargetDependency */,
			);
			name = "Wordle Taylors VersionUITests";
			productName = "Wordle Taylors VersionUITests";
			productReference = 453E4183295BE6E6001F310F /* Wordle Taylors VersionUITests.xctest */;
			productType = "com.apple.product-type.bundle.ui-testing";
		};
/* End PBXNativeTarget section */

/* Begin PBXProject section */
		453E4161295BE6E5001F310F /* Project object */ = {
			isa = PBXProject;
			attributes = {
				BuildIndependentTargetsInParallel = 1;
				LastSwiftUpdateCheck = 1420;
				LastUpgradeCheck = 1420;
				TargetAttributes = {
					453E4168295BE6E5001F310F = {
						CreatedOnToolsVersion = 14.2;
					};
					453E4178295BE6E6001F310F = {
						CreatedOnToolsVersion = 14.2;
						TestTargetID = 453E4168295BE6E5001F310F;
					};
					453E4182295BE6E6001F310F = {
						CreatedOnToolsVersion = 14.2;
						TestTargetID = 453E4168295BE6E5001F310F;
					};
				};
			};
			buildConfigurationList = 453E4164295BE6E5001F310F /* Build configuration list for PBXProject "Wordle Taylors Version" */;
			compatibilityVersion = "Xcode 14.0";
			developmentRegion = en;
			hasScannedForEncodings = 0;
			knownRegions = (
				en,
				Base,
			);
			mainGroup = 453E4160295BE6E5001F310F;
			productRefGroup = 453E416A295BE6E5001F310F /* Products */;
			projectDirPath = "";
			projectRoot = "";
			targets = (
				453E4168295BE6E5001F310F /* Wordle Taylors Version */,
				453E4178295BE6E6001F310F /* Wordle Taylors VersionTests */,
				453E4182295BE6E6001F310F /* Wordle Taylors VersionUITests */,
			);
		};
/* End PBXProject section */

/* Begin PBXResourcesBuildPhase section */
		453E4167295BE6E5001F310F /* Resources */ = {
			isa = PBXResourcesBuildPhase;
			buildActionMask = 2147483647;
			files = (
				45F5928E295BF7A500E30415 /* song_titles.txt in Resources */,
				453E4174295BE6E6001F310F /* Preview Assets.xcassets in Resources */,
				45F5928D295BF7A500E30415 /* songs.csv in Resources */,
				453E4171295BE6E6001F310F /* Assets.xcassets in Resources */,
			);
			runOnlyForDeploymentPostprocessing = 0;
		};
		453E4177295BE6E6001F310F /* Resources */ = {
			isa = PBXResourcesBuildPhase;
			buildActionMask = 2147483647;
			files = (
			);
			runOnlyForDeploymentPostprocessing = 0;
		};
		453E4181295BE6E6001F310F /* Resources */ = {
			isa = PBXResourcesBuildPhase;
			buildActionMask = 2147483647;
			files = (
			);
			runOnlyForDeploymentPostprocessing = 0;
		};
/* End PBXResourcesBuildPhase section */

/* Begin PBXShellScriptBuildPhase section */
		16B9DF1B02727C1BF51D4439 /* [CP] Check Pods Manifest.lock */ = {
			isa = PBXShellScriptBuildPhase;
			buildActionMask = 2147483647;
			files = (
			);
			inputFileListPaths = (
			);
			inputPaths = (
				"${PODS_PODFILE_DIR_PATH}/Podfile.lock",
				"${PODS_ROOT}/Manifest.lock",
			);
			name = "[CP] Check Pods Manifest.lock";
			outputFileListPaths = (
			);
			outputPaths = (
				"$(DERIVED_FILE_DIR)/Pods-Wordle Taylors VersionTests-checkManifestLockResult.txt",
			);
			runOnlyForDeploymentPostprocessing = 0;
			shellPath = /bin/sh;
			shellScript = "diff \"${PODS_PODFILE_DIR_PATH}/Podfile.lock\" \"${PODS_ROOT}/Manifest.lock\" > /dev/null\nif [ $? != 0 ] ; then\n    # print error to STDERR\n    echo \"error: The sandbox is not in sync with the Podfile.lock. Run 'pod install' or update your CocoaPods installation.\" >&2\n    exit 1\nfi\n# This output is used by Xcode 'outputs' to avoid re-running this script phase.\necho \"SUCCESS\" > \"${SCRIPT_OUTPUT_FILE_0}\"\n";
			showEnvVarsInLog = 0;
		};
		35E4EAB3E9E85F634F7B7BEE /* [CP] Embed Pods Frameworks */ = {
			isa = PBXShellScriptBuildPhase;
			buildActionMask = 2147483647;
			files = (
			);
			inputFileListPaths = (
				"${PODS_ROOT}/Target Support Files/Pods-Wordle Taylors Version-Wordle Taylors VersionUITests/Pods-Wordle Taylors Version-Wordle Taylors VersionUITests-frameworks-${CONFIGURATION}-input-files.xcfilelist",
			);
			name = "[CP] Embed Pods Frameworks";
			outputFileListPaths = (
				"${PODS_ROOT}/Target Support Files/Pods-Wordle Taylors Version-Wordle Taylors VersionUITests/Pods-Wordle Taylors Version-Wordle Taylors VersionUITests-frameworks-${CONFIGURATION}-output-files.xcfilelist",
			);
			runOnlyForDeploymentPostprocessing = 0;
			shellPath = /bin/sh;
			shellScript = "\"${PODS_ROOT}/Target Support Files/Pods-Wordle Taylors Version-Wordle Taylors VersionUITests/Pods-Wordle Taylors Version-Wordle Taylors VersionUITests-frameworks.sh\"\n";
			showEnvVarsInLog = 0;
		};
		5D508D465D7415F586E71F8B /* [CP] Embed Pods Frameworks */ = {
			isa = PBXShellScriptBuildPhase;
			buildActionMask = 2147483647;
			files = (
			);
			inputFileListPaths = (
				"${PODS_ROOT}/Target Support Files/Pods-Wordle Taylors Version/Pods-Wordle Taylors Version-frameworks-${CONFIGURATION}-input-files.xcfilelist",
			);
			name = "[CP] Embed Pods Frameworks";
			outputFileListPaths = (
				"${PODS_ROOT}/Target Support Files/Pods-Wordle Taylors Version/Pods-Wordle Taylors Version-frameworks-${CONFIGURATION}-output-files.xcfilelist",
			);
			runOnlyForDeploymentPostprocessing = 0;
			shellPath = /bin/sh;
			shellScript = "\"${PODS_ROOT}/Target Support Files/Pods-Wordle Taylors Version/Pods-Wordle Taylors Version-frameworks.sh\"\n";
			showEnvVarsInLog = 0;
		};
		7A5EA0C42200A0BB50C1A218 /* [CP] Check Pods Manifest.lock */ = {
			isa = PBXShellScriptBuildPhase;
			buildActionMask = 2147483647;
			files = (
			);
			inputFileListPaths = (
			);
			inputPaths = (
				"${PODS_PODFILE_DIR_PATH}/Podfile.lock",
				"${PODS_ROOT}/Manifest.lock",
			);
			name = "[CP] Check Pods Manifest.lock";
			outputFileListPaths = (
			);
			outputPaths = (
				"$(DERIVED_FILE_DIR)/Pods-Wordle Taylors Version-Wordle Taylors VersionUITests-checkManifestLockResult.txt",
			);
			runOnlyForDeploymentPostprocessing = 0;
			shellPath = /bin/sh;
			shellScript = "diff \"${PODS_PODFILE_DIR_PATH}/Podfile.lock\" \"${PODS_ROOT}/Manifest.lock\" > /dev/null\nif [ $? != 0 ] ; then\n    # print error to STDERR\n    echo \"error: The sandbox is not in sync with the Podfile.lock. Run 'pod install' or update your CocoaPods installation.\" >&2\n    exit 1\nfi\n# This output is used by Xcode 'outputs' to avoid re-running this script phase.\necho \"SUCCESS\" > \"${SCRIPT_OUTPUT_FILE_0}\"\n";
			showEnvVarsInLog = 0;
		};
		E4D54040A67F34F067F5DAA9 /* [CP] Check Pods Manifest.lock */ = {
			isa = PBXShellScriptBuildPhase;
			buildActionMask = 2147483647;
			files = (
			);
			inputFileListPaths = (
			);
			inputPaths = (
				"${PODS_PODFILE_DIR_PATH}/Podfile.lock",
				"${PODS_ROOT}/Manifest.lock",
			);
			name = "[CP] Check Pods Manifest.lock";
			outputFileListPaths = (
			);
			outputPaths = (
				"$(DERIVED_FILE_DIR)/Pods-Wordle Taylors Version-checkManifestLockResult.txt",
			);
			runOnlyForDeploymentPostprocessing = 0;
			shellPath = /bin/sh;
			shellScript = "diff \"${PODS_PODFILE_DIR_PATH}/Podfile.lock\" \"${PODS_ROOT}/Manifest.lock\" > /dev/null\nif [ $? != 0 ] ; then\n    # print error to STDERR\n    echo \"error: The sandbox is not in sync with the Podfile.lock. Run 'pod install' or update your CocoaPods installation.\" >&2\n    exit 1\nfi\n# This output is used by Xcode 'outputs' to avoid re-running this script phase.\necho \"SUCCESS\" > \"${SCRIPT_OUTPUT_FILE_0}\"\n";
			showEnvVarsInLog = 0;
		};
/* End PBXShellScriptBuildPhase section */

/* Begin PBXSourcesBuildPhase section */
		453E4165295BE6E5001F310F /* Sources */ = {
			isa = PBXSourcesBuildPhase;
			buildActionMask = 2147483647;
			files = (
				45F59289295BF5AA00E30415 /* ContentViewModel.swift in Sources */,
				45F59288295BF5AA00E30415 /* Song.swift in Sources */,
				453E416F295BE6E5001F310F /* ContentView.swift in Sources */,
				45F59298295C1B9B00E30415 /* PracticeView.swift in Sources */,
				45F5929A295C1BB700E30415 /* PracticeViewModel.swift in Sources */,
				45F592A0295CF40500E30415 /* Date+WTV.swift in Sources */,
				45F59291295C051700E30415 /* DailyView.swift in Sources */,
				453E416D295BE6E5001F310F /* Wordle_Taylors_VersionApp.swift in Sources */,
				45F59294295C05EF00E30415 /* WordleViewModelProtocol.swift in Sources */,
				45F5929C295CBF3200E30415 /* WordleState.swift in Sources */,
				45F59296295C094800E30415 /* DailyViewModel.swift in Sources */,
			);
			runOnlyForDeploymentPostprocessing = 0;
		};
		453E4175295BE6E6001F310F /* Sources */ = {
			isa = PBXSourcesBuildPhase;
			buildActionMask = 2147483647;
			files = (
				453E417E295BE6E6001F310F /* Wordle_Taylors_VersionTests.swift in Sources */,
			);
			runOnlyForDeploymentPostprocessing = 0;
		};
		453E417F295BE6E6001F310F /* Sources */ = {
			isa = PBXSourcesBuildPhase;
			buildActionMask = 2147483647;
			files = (
				453E4188295BE6E6001F310F /* Wordle_Taylors_VersionUITests.swift in Sources */,
				453E418A295BE6E6001F310F /* Wordle_Taylors_VersionUITestsLaunchTests.swift in Sources */,
			);
			runOnlyForDeploymentPostprocessing = 0;
		};
/* End PBXSourcesBuildPhase section */

/* Begin PBXTargetDependency section */
		453E417B295BE6E6001F310F /* PBXTargetDependency */ = {
			isa = PBXTargetDependency;
			target = 453E4168295BE6E5001F310F /* Wordle Taylors Version */;
			targetProxy = 453E417A295BE6E6001F310F /* PBXContainerItemProxy */;
		};
		453E4185295BE6E6001F310F /* PBXTargetDependency */ = {
			isa = PBXTargetDependency;
			target = 453E4168295BE6E5001F310F /* Wordle Taylors Version */;
			targetProxy = 453E4184295BE6E6001F310F /* PBXContainerItemProxy */;
		};
/* End PBXTargetDependency section */

/* Begin XCBuildConfiguration section */
		453E418B295BE6E6001F310F /* Debug */ = {
			isa = XCBuildConfiguration;
			buildSettings = {
				ALWAYS_SEARCH_USER_PATHS = NO;
				CLANG_ANALYZER_NONNULL = YES;
				CLANG_ANALYZER_NUMBER_OBJECT_CONVERSION = YES_AGGRESSIVE;
				CLANG_CXX_LANGUAGE_STANDARD = "gnu++20";
				CLANG_ENABLE_MODULES = YES;
				CLANG_ENABLE_OBJC_ARC = YES;
				CLANG_ENABLE_OBJC_WEAK = YES;
				CLANG_WARN_BLOCK_CAPTURE_AUTORELEASING = YES;
				CLANG_WARN_BOOL_CONVERSION = YES;
				CLANG_WARN_COMMA = YES;
				CLANG_WARN_CONSTANT_CONVERSION = YES;
				CLANG_WARN_DEPRECATED_OBJC_IMPLEMENTATIONS = YES;
				CLANG_WARN_DIRECT_OBJC_ISA_USAGE = YES_ERROR;
				CLANG_WARN_DOCUMENTATION_COMMENTS = YES;
				CLANG_WARN_EMPTY_BODY = YES;
				CLANG_WARN_ENUM_CONVERSION = YES;
				CLANG_WARN_INFINITE_RECURSION = YES;
				CLANG_WARN_INT_CONVERSION = YES;
				CLANG_WARN_NON_LITERAL_NULL_CONVERSION = YES;
				CLANG_WARN_OBJC_IMPLICIT_RETAIN_SELF = YES;
				CLANG_WARN_OBJC_LITERAL_CONVERSION = YES;
				CLANG_WARN_OBJC_ROOT_CLASS = YES_ERROR;
				CLANG_WARN_QUOTED_INCLUDE_IN_FRAMEWORK_HEADER = YES;
				CLANG_WARN_RANGE_LOOP_ANALYSIS = YES;
				CLANG_WARN_STRICT_PROTOTYPES = YES;
				CLANG_WARN_SUSPICIOUS_MOVE = YES;
				CLANG_WARN_UNGUARDED_AVAILABILITY = YES_AGGRESSIVE;
				CLANG_WARN_UNREACHABLE_CODE = YES;
				CLANG_WARN__DUPLICATE_METHOD_MATCH = YES;
				COPY_PHASE_STRIP = NO;
				DEBUG_INFORMATION_FORMAT = dwarf;
				ENABLE_STRICT_OBJC_MSGSEND = YES;
				ENABLE_TESTABILITY = YES;
				GCC_C_LANGUAGE_STANDARD = gnu11;
				GCC_DYNAMIC_NO_PIC = NO;
				GCC_NO_COMMON_BLOCKS = YES;
				GCC_OPTIMIZATION_LEVEL = 0;
				GCC_PREPROCESSOR_DEFINITIONS = (
					"DEBUG=1",
					"$(inherited)",
				);
				GCC_WARN_64_TO_32_BIT_CONVERSION = YES;
				GCC_WARN_ABOUT_RETURN_TYPE = YES_ERROR;
				GCC_WARN_UNDECLARED_SELECTOR = YES;
				GCC_WARN_UNINITIALIZED_AUTOS = YES_AGGRESSIVE;
				GCC_WARN_UNUSED_FUNCTION = YES;
				GCC_WARN_UNUSED_VARIABLE = YES;
				IPHONEOS_DEPLOYMENT_TARGET = 16.2;
				MTL_ENABLE_DEBUG_INFO = INCLUDE_SOURCE;
				MTL_FAST_MATH = YES;
				ONLY_ACTIVE_ARCH = YES;
				SDKROOT = iphoneos;
				SWIFT_ACTIVE_COMPILATION_CONDITIONS = DEBUG;
				SWIFT_OPTIMIZATION_LEVEL = "-Onone";
			};
			name = Debug;
		};
		453E418C295BE6E6001F310F /* Release */ = {
			isa = XCBuildConfiguration;
			buildSettings = {
				ALWAYS_SEARCH_USER_PATHS = NO;
				CLANG_ANALYZER_NONNULL = YES;
				CLANG_ANALYZER_NUMBER_OBJECT_CONVERSION = YES_AGGRESSIVE;
				CLANG_CXX_LANGUAGE_STANDARD = "gnu++20";
				CLANG_ENABLE_MODULES = YES;
				CLANG_ENABLE_OBJC_ARC = YES;
				CLANG_ENABLE_OBJC_WEAK = YES;
				CLANG_WARN_BLOCK_CAPTURE_AUTORELEASING = YES;
				CLANG_WARN_BOOL_CONVERSION = YES;
				CLANG_WARN_COMMA = YES;
				CLANG_WARN_CONSTANT_CONVERSION = YES;
				CLANG_WARN_DEPRECATED_OBJC_IMPLEMENTATIONS = YES;
				CLANG_WARN_DIRECT_OBJC_ISA_USAGE = YES_ERROR;
				CLANG_WARN_DOCUMENTATION_COMMENTS = YES;
				CLANG_WARN_EMPTY_BODY = YES;
				CLANG_WARN_ENUM_CONVERSION = YES;
				CLANG_WARN_INFINITE_RECURSION = YES;
				CLANG_WARN_INT_CONVERSION = YES;
				CLANG_WARN_NON_LITERAL_NULL_CONVERSION = YES;
				CLANG_WARN_OBJC_IMPLICIT_RETAIN_SELF = YES;
				CLANG_WARN_OBJC_LITERAL_CONVERSION = YES;
				CLANG_WARN_OBJC_ROOT_CLASS = YES_ERROR;
				CLANG_WARN_QUOTED_INCLUDE_IN_FRAMEWORK_HEADER = YES;
				CLANG_WARN_RANGE_LOOP_ANALYSIS = YES;
				CLANG_WARN_STRICT_PROTOTYPES = YES;
				CLANG_WARN_SUSPICIOUS_MOVE = YES;
				CLANG_WARN_UNGUARDED_AVAILABILITY = YES_AGGRESSIVE;
				CLANG_WARN_UNREACHABLE_CODE = YES;
				CLANG_WARN__DUPLICATE_METHOD_MATCH = YES;
				COPY_PHASE_STRIP = NO;
				DEBUG_INFORMATION_FORMAT = "dwarf-with-dsym";
				ENABLE_NS_ASSERTIONS = NO;
				ENABLE_STRICT_OBJC_MSGSEND = YES;
				GCC_C_LANGUAGE_STANDARD = gnu11;
				GCC_NO_COMMON_BLOCKS = YES;
				GCC_WARN_64_TO_32_BIT_CONVERSION = YES;
				GCC_WARN_ABOUT_RETURN_TYPE = YES_ERROR;
				GCC_WARN_UNDECLARED_SELECTOR = YES;
				GCC_WARN_UNINITIALIZED_AUTOS = YES_AGGRESSIVE;
				GCC_WARN_UNUSED_FUNCTION = YES;
				GCC_WARN_UNUSED_VARIABLE = YES;
				IPHONEOS_DEPLOYMENT_TARGET = 16.2;
				MTL_ENABLE_DEBUG_INFO = NO;
				MTL_FAST_MATH = YES;
				SDKROOT = iphoneos;
				SWIFT_COMPILATION_MODE = wholemodule;
				SWIFT_OPTIMIZATION_LEVEL = "-O";
				VALIDATE_PRODUCT = YES;
			};
			name = Release;
		};
		453E418E295BE6E6001F310F /* Debug */ = {
			isa = XCBuildConfiguration;
			baseConfigurationReference = FCF774B7349A0F75F23FB45D /* Pods-Wordle Taylors Version.debug.xcconfig */;
			buildSettings = {
				ASSETCATALOG_COMPILER_APPICON_NAME = AppIcon;
				ASSETCATALOG_COMPILER_GLOBAL_ACCENT_COLOR_NAME = AccentColor;
				CODE_SIGN_STYLE = Automatic;
				CURRENT_PROJECT_VERSION = 1;
				DEVELOPMENT_ASSET_PATHS = "\"Wordle Taylors Version/Preview Content\"";
				DEVELOPMENT_TEAM = KMDWJ5F2JF;
				ENABLE_PREVIEWS = YES;
				GENERATE_INFOPLIST_FILE = YES;
				INFOPLIST_KEY_UIApplicationSceneManifest_Generation = YES;
				INFOPLIST_KEY_UIApplicationSupportsIndirectInputEvents = YES;
				INFOPLIST_KEY_UILaunchScreen_Generation = YES;
				INFOPLIST_KEY_UISupportedInterfaceOrientations = UIInterfaceOrientationPortrait;
				INFOPLIST_KEY_UISupportedInterfaceOrientations_iPad = "UIInterfaceOrientationLandscapeLeft UIInterfaceOrientationLandscapeRight UIInterfaceOrientationPortrait UIInterfaceOrientationPortraitUpsideDown";
				LD_RUNPATH_SEARCH_PATHS = (
					"$(inherited)",
					"@executable_path/Frameworks",
				);
				MARKETING_VERSION = 1.0;
				PRODUCT_BUNDLE_IDENTIFIER = "com.otispeterson.Wordle-Taylors-Version";
				PRODUCT_NAME = "$(TARGET_NAME)";
				SWIFT_EMIT_LOC_STRINGS = YES;
				SWIFT_VERSION = 5.0;
				TARGETED_DEVICE_FAMILY = "1,2";
			};
			name = Debug;
		};
		453E418F295BE6E6001F310F /* Release */ = {
			isa = XCBuildConfiguration;
			baseConfigurationReference = 2253272852B2D082F288B086 /* Pods-Wordle Taylors Version.release.xcconfig */;
			buildSettings = {
				ASSETCATALOG_COMPILER_APPICON_NAME = AppIcon;
				ASSETCATALOG_COMPILER_GLOBAL_ACCENT_COLOR_NAME = AccentColor;
				CODE_SIGN_STYLE = Automatic;
				CURRENT_PROJECT_VERSION = 1;
				DEVELOPMENT_ASSET_PATHS = "\"Wordle Taylors Version/Preview Content\"";
				DEVELOPMENT_TEAM = KMDWJ5F2JF;
				ENABLE_PREVIEWS = YES;
				GENERATE_INFOPLIST_FILE = YES;
				INFOPLIST_KEY_UIApplicationSceneManifest_Generation = YES;
				INFOPLIST_KEY_UIApplicationSupportsIndirectInputEvents = YES;
				INFOPLIST_KEY_UILaunchScreen_Generation = YES;
				INFOPLIST_KEY_UISupportedInterfaceOrientations = UIInterfaceOrientationPortrait;
				INFOPLIST_KEY_UISupportedInterfaceOrientations_iPad = "UIInterfaceOrientationLandscapeLeft UIInterfaceOrientationLandscapeRight UIInterfaceOrientationPortrait UIInterfaceOrientationPortraitUpsideDown";
				LD_RUNPATH_SEARCH_PATHS = (
					"$(inherited)",
					"@executable_path/Frameworks",
				);
				MARKETING_VERSION = 1.0;
				PRODUCT_BUNDLE_IDENTIFIER = "com.otispeterson.Wordle-Taylors-Version";
				PRODUCT_NAME = "$(TARGET_NAME)";
				SWIFT_EMIT_LOC_STRINGS = YES;
				SWIFT_VERSION = 5.0;
				TARGETED_DEVICE_FAMILY = "1,2";
			};
			name = Release;
		};
		453E4191295BE6E6001F310F /* Debug */ = {
			isa = XCBuildConfiguration;
			baseConfigurationReference = D292B978ED9B1D0544CB818F /* Pods-Wordle Taylors VersionTests.debug.xcconfig */;
			buildSettings = {
				ALWAYS_EMBED_SWIFT_STANDARD_LIBRARIES = YES;
				BUNDLE_LOADER = "$(TEST_HOST)";
				CODE_SIGN_STYLE = Automatic;
				CURRENT_PROJECT_VERSION = 1;
				DEVELOPMENT_TEAM = KMDWJ5F2JF;
				GENERATE_INFOPLIST_FILE = YES;
				IPHONEOS_DEPLOYMENT_TARGET = 16.2;
				MARKETING_VERSION = 1.0;
				PRODUCT_BUNDLE_IDENTIFIER = "com.otispeterson.Wordle-Taylors-VersionTests";
				PRODUCT_NAME = "$(TARGET_NAME)";
				SWIFT_EMIT_LOC_STRINGS = NO;
				SWIFT_VERSION = 5.0;
				TARGETED_DEVICE_FAMILY = "1,2";
				TEST_HOST = "$(BUILT_PRODUCTS_DIR)/Wordle Taylors Version.app/$(BUNDLE_EXECUTABLE_FOLDER_PATH)/Wordle Taylors Version";
			};
			name = Debug;
		};
		453E4192295BE6E6001F310F /* Release */ = {
			isa = XCBuildConfiguration;
			baseConfigurationReference = 455BE736BA673366457EE20C /* Pods-Wordle Taylors VersionTests.release.xcconfig */;
			buildSettings = {
				ALWAYS_EMBED_SWIFT_STANDARD_LIBRARIES = YES;
				BUNDLE_LOADER = "$(TEST_HOST)";
				CODE_SIGN_STYLE = Automatic;
				CURRENT_PROJECT_VERSION = 1;
				DEVELOPMENT_TEAM = KMDWJ5F2JF;
				GENERATE_INFOPLIST_FILE = YES;
				IPHONEOS_DEPLOYMENT_TARGET = 16.2;
				MARKETING_VERSION = 1.0;
				PRODUCT_BUNDLE_IDENTIFIER = "com.otispeterson.Wordle-Taylors-VersionTests";
				PRODUCT_NAME = "$(TARGET_NAME)";
				SWIFT_EMIT_LOC_STRINGS = NO;
				SWIFT_VERSION = 5.0;
				TARGETED_DEVICE_FAMILY = "1,2";
				TEST_HOST = "$(BUILT_PRODUCTS_DIR)/Wordle Taylors Version.app/$(BUNDLE_EXECUTABLE_FOLDER_PATH)/Wordle Taylors Version";
			};
			name = Release;
		};
		453E4194295BE6E6001F310F /* Debug */ = {
			isa = XCBuildConfiguration;
			baseConfigurationReference = B09DD3475DBB5C3E884324CC /* Pods-Wordle Taylors Version-Wordle Taylors VersionUITests.debug.xcconfig */;
			buildSettings = {
				ALWAYS_EMBED_SWIFT_STANDARD_LIBRARIES = YES;
				CODE_SIGN_STYLE = Automatic;
				CURRENT_PROJECT_VERSION = 1;
				DEVELOPMENT_TEAM = KMDWJ5F2JF;
				GENERATE_INFOPLIST_FILE = YES;
				MARKETING_VERSION = 1.0;
				PRODUCT_BUNDLE_IDENTIFIER = "com.otispeterson.Wordle-Taylors-VersionUITests";
				PRODUCT_NAME = "$(TARGET_NAME)";
				SWIFT_EMIT_LOC_STRINGS = NO;
				SWIFT_VERSION = 5.0;
				TARGETED_DEVICE_FAMILY = "1,2";
				TEST_TARGET_NAME = "Wordle Taylors Version";
			};
			name = Debug;
		};
		453E4195295BE6E6001F310F /* Release */ = {
			isa = XCBuildConfiguration;
			baseConfigurationReference = 76D8589799F2E4CA6149EAB6 /* Pods-Wordle Taylors Version-Wordle Taylors VersionUITests.release.xcconfig */;
			buildSettings = {
				ALWAYS_EMBED_SWIFT_STANDARD_LIBRARIES = YES;
				CODE_SIGN_STYLE = Automatic;
				CURRENT_PROJECT_VERSION = 1;
				DEVELOPMENT_TEAM = KMDWJ5F2JF;
				GENERATE_INFOPLIST_FILE = YES;
				MARKETING_VERSION = 1.0;
				PRODUCT_BUNDLE_IDENTIFIER = "com.otispeterson.Wordle-Taylors-VersionUITests";
				PRODUCT_NAME = "$(TARGET_NAME)";
				SWIFT_EMIT_LOC_STRINGS = NO;
				SWIFT_VERSION = 5.0;
				TARGETED_DEVICE_FAMILY = "1,2";
				TEST_TARGET_NAME = "Wordle Taylors Version";
			};
			name = Release;
		};
/* End XCBuildConfiguration section */

/* Begin XCConfigurationList section */
		453E4164295BE6E5001F310F /* Build configuration list for PBXProject "Wordle Taylors Version" */ = {
			isa = XCConfigurationList;
			buildConfigurations = (
				453E418B295BE6E6001F310F /* Debug */,
				453E418C295BE6E6001F310F /* Release */,
			);
			defaultConfigurationIsVisible = 0;
			defaultConfigurationName = Release;
		};
		453E418D295BE6E6001F310F /* Build configuration list for PBXNativeTarget "Wordle Taylors Version" */ = {
			isa = XCConfigurationList;
			buildConfigurations = (
				453E418E295BE6E6001F310F /* Debug */,
				453E418F295BE6E6001F310F /* Release */,
			);
			defaultConfigurationIsVisible = 0;
			defaultConfigurationName = Release;
		};
		453E4190295BE6E6001F310F /* Build configuration list for PBXNativeTarget "Wordle Taylors VersionTests" */ = {
			isa = XCConfigurationList;
			buildConfigurations = (
				453E4191295BE6E6001F310F /* Debug */,
				453E4192295BE6E6001F310F /* Release */,
			);
			defaultConfigurationIsVisible = 0;
			defaultConfigurationName = Release;
		};
		453E4193295BE6E6001F310F /* Build configuration list for PBXNativeTarget "Wordle Taylors VersionUITests" */ = {
			isa = XCConfigurationList;
			buildConfigurations = (
				453E4194295BE6E6001F310F /* Debug */,
				453E4195295BE6E6001F310F /* Release */,
			);
			defaultConfigurationIsVisible = 0;
			defaultConfigurationName = Release;
		};
/* End XCConfigurationList section */
	};
	rootObject = 453E4161295BE6E5001F310F /* Project object */;
}
