// !$*UTF8*$!
{
	archiveVersion = 1;
	classes = {
	};
	objectVersion = 56;
	objects = {

/* Begin PBXBuildFile section */
		45214B2C295E993700891C5F /* ViewConstants.swift in Sources */ = {isa = PBXBuildFile; fileRef = 45214B2B295E993700891C5F /* ViewConstants.swift */; };
		453E416D295BE6E5001F310F /* Wordle_Taylors_VersionApp.swift in Sources */ = {isa = PBXBuildFile; fileRef = 453E416C295BE6E5001F310F /* Wordle_Taylors_VersionApp.swift */; };
		453E416F295BE6E5001F310F /* ContentView.swift in Sources */ = {isa = PBXBuildFile; fileRef = 453E416E295BE6E5001F310F /* ContentView.swift */; };
		453E4171295BE6E6001F310F /* Assets.xcassets in Resources */ = {isa = PBXBuildFile; fileRef = 453E4170295BE6E6001F310F /* Assets.xcassets */; };
		453E4174295BE6E6001F310F /* Preview Assets.xcassets in Resources */ = {isa = PBXBuildFile; fileRef = 453E4173295BE6E6001F310F /* Preview Assets.xcassets */; };
		457EB3DA2B35340E00BA42A9 /* GameOverInfoView.swift in Sources */ = {isa = PBXBuildFile; fileRef = 457EB3D92B35340E00BA42A9 /* GameOverInfoView.swift */; };
		457EB3DC2B35355A00BA42A9 /* LyricDisplayView.swift in Sources */ = {isa = PBXBuildFile; fileRef = 457EB3DB2B35355A00BA42A9 /* LyricDisplayView.swift */; };
		457EB3E32B35554E00BA42A9 /* songs.sqlite in Resources */ = {isa = PBXBuildFile; fileRef = 457EB3E12B3552CC00BA42A9 /* songs.sqlite */; };
		45D93838295F50D900183A8F /* Colors.xcassets in Resources */ = {isa = PBXBuildFile; fileRef = 45D93837295F50D900183A8F /* Colors.xcassets */; };
		45F59288295BF5AA00E30415 /* Song.swift in Sources */ = {isa = PBXBuildFile; fileRef = 45F59286295BF5AA00E30415 /* Song.swift */; };
		45F59289295BF5AA00E30415 /* ContentViewModel.swift in Sources */ = {isa = PBXBuildFile; fileRef = 45F59287295BF5AA00E30415 /* ContentViewModel.swift */; };
		45F5928E295BF7A500E30415 /* song_titles.txt in Resources */ = {isa = PBXBuildFile; fileRef = 45F5928C295BF7A500E30415 /* song_titles.txt */; };
		45F59291295C051700E30415 /* DailyView.swift in Sources */ = {isa = PBXBuildFile; fileRef = 45F59290295C051700E30415 /* DailyView.swift */; };
		45F59294295C05EF00E30415 /* WordleViewModelProtocol.swift in Sources */ = {isa = PBXBuildFile; fileRef = 45F59293295C05EF00E30415 /* WordleViewModelProtocol.swift */; };
		45F59296295C094800E30415 /* DailyViewModel.swift in Sources */ = {isa = PBXBuildFile; fileRef = 45F59295295C094800E30415 /* DailyViewModel.swift */; };
		45F59298295C1B9B00E30415 /* PracticeView.swift in Sources */ = {isa = PBXBuildFile; fileRef = 45F59297295C1B9B00E30415 /* PracticeView.swift */; };
		45F5929A295C1BB700E30415 /* PracticeViewModel.swift in Sources */ = {isa = PBXBuildFile; fileRef = 45F59299295C1BB700E30415 /* PracticeViewModel.swift */; };
		45F592A0295CF40500E30415 /* Extensions+WTV.swift in Sources */ = {isa = PBXBuildFile; fileRef = 45F5929F295CF40500E30415 /* Extensions+WTV.swift */; };
		45F592A3295D120900E30415 /* Charlotte.ttf in Resources */ = {isa = PBXBuildFile; fileRef = 45F592A1295D108E00E30415 /* Charlotte.ttf */; };
/* End PBXBuildFile section */

/* Begin PBXFileReference section */
		45214B2B295E993700891C5F /* ViewConstants.swift */ = {isa = PBXFileReference; lastKnownFileType = sourcecode.swift; path = ViewConstants.swift; sourceTree = "<group>"; };
		453E4169295BE6E5001F310F /* Wordle Taylors Version.app */ = {isa = PBXFileReference; explicitFileType = wrapper.application; includeInIndex = 0; path = "Wordle Taylors Version.app"; sourceTree = BUILT_PRODUCTS_DIR; };
		453E416C295BE6E5001F310F /* Wordle_Taylors_VersionApp.swift */ = {isa = PBXFileReference; lastKnownFileType = sourcecode.swift; path = Wordle_Taylors_VersionApp.swift; sourceTree = "<group>"; };
		453E416E295BE6E5001F310F /* ContentView.swift */ = {isa = PBXFileReference; lastKnownFileType = sourcecode.swift; path = ContentView.swift; sourceTree = "<group>"; };
		453E4170295BE6E6001F310F /* Assets.xcassets */ = {isa = PBXFileReference; lastKnownFileType = folder.assetcatalog; path = Assets.xcassets; sourceTree = "<group>"; };
		453E4173295BE6E6001F310F /* Preview Assets.xcassets */ = {isa = PBXFileReference; lastKnownFileType = folder.assetcatalog; path = "Preview Assets.xcassets"; sourceTree = "<group>"; };
		457EB3D92B35340E00BA42A9 /* GameOverInfoView.swift */ = {isa = PBXFileReference; lastKnownFileType = sourcecode.swift; path = GameOverInfoView.swift; sourceTree = "<group>"; };
		457EB3DB2B35355A00BA42A9 /* LyricDisplayView.swift */ = {isa = PBXFileReference; lastKnownFileType = sourcecode.swift; path = LyricDisplayView.swift; sourceTree = "<group>"; };
		457EB3E12B3552CC00BA42A9 /* songs.sqlite */ = {isa = PBXFileReference; lastKnownFileType = file; path = songs.sqlite; sourceTree = "<group>"; };
		45D93837295F50D900183A8F /* Colors.xcassets */ = {isa = PBXFileReference; lastKnownFileType = folder.assetcatalog; path = Colors.xcassets; sourceTree = "<group>"; };
		45F59286295BF5AA00E30415 /* Song.swift */ = {isa = PBXFileReference; fileEncoding = 4; lastKnownFileType = sourcecode.swift; path = Song.swift; sourceTree = "<group>"; };
		45F59287295BF5AA00E30415 /* ContentViewModel.swift */ = {isa = PBXFileReference; fileEncoding = 4; lastKnownFileType = sourcecode.swift; path = ContentViewModel.swift; sourceTree = "<group>"; };
		45F5928C295BF7A500E30415 /* song_titles.txt */ = {isa = PBXFileReference; fileEncoding = 4; lastKnownFileType = text; path = song_titles.txt; sourceTree = "<group>"; };
		45F59290295C051700E30415 /* DailyView.swift */ = {isa = PBXFileReference; lastKnownFileType = sourcecode.swift; path = DailyView.swift; sourceTree = "<group>"; };
		45F59293295C05EF00E30415 /* WordleViewModelProtocol.swift */ = {isa = PBXFileReference; lastKnownFileType = sourcecode.swift; path = WordleViewModelProtocol.swift; sourceTree = "<group>"; };
		45F59295295C094800E30415 /* DailyViewModel.swift */ = {isa = PBXFileReference; lastKnownFileType = sourcecode.swift; path = DailyViewModel.swift; sourceTree = "<group>"; };
		45F59297295C1B9B00E30415 /* PracticeView.swift */ = {isa = PBXFileReference; lastKnownFileType = sourcecode.swift; path = PracticeView.swift; sourceTree = "<group>"; };
		45F59299295C1BB700E30415 /* PracticeViewModel.swift */ = {isa = PBXFileReference; lastKnownFileType = sourcecode.swift; path = PracticeViewModel.swift; sourceTree = "<group>"; };
		45F5929F295CF40500E30415 /* Extensions+WTV.swift */ = {isa = PBXFileReference; lastKnownFileType = sourcecode.swift; path = "Extensions+WTV.swift"; sourceTree = "<group>"; };
		45F592A1295D108E00E30415 /* Charlotte.ttf */ = {isa = PBXFileReference; lastKnownFileType = file; path = Charlotte.ttf; sourceTree = "<group>"; };
		45F592A2295D10FE00E30415 /* Wordle-Taylors-Version-Info.plist */ = {isa = PBXFileReference; lastKnownFileType = text.plist; path = "Wordle-Taylors-Version-Info.plist"; sourceTree = SOURCE_ROOT; };
/* End PBXFileReference section */

/* Begin PBXFrameworksBuildPhase section */
		453E4166295BE6E5001F310F /* Frameworks */ = {
			isa = PBXFrameworksBuildPhase;
			buildActionMask = 2147483647;
			files = (
			);
			runOnlyForDeploymentPostprocessing = 0;
		};
/* End PBXFrameworksBuildPhase section */

/* Begin PBXGroup section */
		453E4160295BE6E5001F310F = {
			isa = PBXGroup;
			children = (
				453E416B295BE6E5001F310F /* Wordle Taylors Version */,
				453E416A295BE6E5001F310F /* Products */,
			);
			sourceTree = "<group>";
		};
		453E416A295BE6E5001F310F /* Products */ = {
			isa = PBXGroup;
			children = (
				453E4169295BE6E5001F310F /* Wordle Taylors Version.app */,
			);
			name = Products;
			sourceTree = "<group>";
		};
		453E416B295BE6E5001F310F /* Wordle Taylors Version */ = {
			isa = PBXGroup;
			children = (
				45F592A2295D10FE00E30415 /* Wordle-Taylors-Version-Info.plist */,
				45F59293295C05EF00E30415 /* WordleViewModelProtocol.swift */,
				45F59292295C05CB00E30415 /* ViewModels */,
				45F5928F295C04FB00E30415 /* Views */,
				45F5928A295BF7A500E30415 /* SongInfo */,
				453E416C295BE6E5001F310F /* Wordle_Taylors_VersionApp.swift */,
				45F5929F295CF40500E30415 /* Extensions+WTV.swift */,
				45D93839295F5AA300183A8F /* Assets */,
				453E4172295BE6E6001F310F /* Preview Content */,
			);
			path = "Wordle Taylors Version";
			sourceTree = "<group>";
		};
		453E4172295BE6E6001F310F /* Preview Content */ = {
			isa = PBXGroup;
			children = (
				453E4173295BE6E6001F310F /* Preview Assets.xcassets */,
			);
			path = "Preview Content";
			sourceTree = "<group>";
		};
		457EB3D82B3533FE00BA42A9 /* Components */ = {
			isa = PBXGroup;
			children = (
				457EB3D92B35340E00BA42A9 /* GameOverInfoView.swift */,
				457EB3DB2B35355A00BA42A9 /* LyricDisplayView.swift */,
			);
			path = Components;
			sourceTree = "<group>";
		};
		45D93839295F5AA300183A8F /* Assets */ = {
			isa = PBXGroup;
			children = (
				45F592A1295D108E00E30415 /* Charlotte.ttf */,
				45D93837295F50D900183A8F /* Colors.xcassets */,
				453E4170295BE6E6001F310F /* Assets.xcassets */,
			);
			path = Assets;
			sourceTree = "<group>";
		};
		45F5928A295BF7A500E30415 /* SongInfo */ = {
			isa = PBXGroup;
			children = (
				457EB3E12B3552CC00BA42A9 /* songs.sqlite */,
				45F59286295BF5AA00E30415 /* Song.swift */,
				45F5928C295BF7A500E30415 /* song_titles.txt */,
			);
			path = SongInfo;
			sourceTree = "<group>";
		};
		45F5928F295C04FB00E30415 /* Views */ = {
			isa = PBXGroup;
			children = (
				457EB3D82B3533FE00BA42A9 /* Components */,
				453E416E295BE6E5001F310F /* ContentView.swift */,
				45F59290295C051700E30415 /* DailyView.swift */,
				45F59297295C1B9B00E30415 /* PracticeView.swift */,
				45214B2B295E993700891C5F /* ViewConstants.swift */,
			);
			path = Views;
			sourceTree = "<group>";
		};
		45F59292295C05CB00E30415 /* ViewModels */ = {
			isa = PBXGroup;
			children = (
				45F59287295BF5AA00E30415 /* ContentViewModel.swift */,
				45F59295295C094800E30415 /* DailyViewModel.swift */,
				45F59299295C1BB700E30415 /* PracticeViewModel.swift */,
			);
			path = ViewModels;
			sourceTree = "<group>";
		};
/* End PBXGroup section */

/* Begin PBXNativeTarget section */
		453E4168295BE6E5001F310F /* Wordle Taylors Version */ = {
			isa = PBXNativeTarget;
			buildConfigurationList = 453E418D295BE6E6001F310F /* Build configuration list for PBXNativeTarget "Wordle Taylors Version" */;
			buildPhases = (
				453E4165295BE6E5001F310F /* Sources */,
				453E4166295BE6E5001F310F /* Frameworks */,
				453E4167295BE6E5001F310F /* Resources */,
			);
			buildRules = (
			);
			dependencies = (
			);
			name = "Wordle Taylors Version";
			productName = "Wordle Taylors Version";
			productReference = 453E4169295BE6E5001F310F /* Wordle Taylors Version.app */;
			productType = "com.apple.product-type.application";
		};
/* End PBXNativeTarget section */

/* Begin PBXProject section */
		453E4161295BE6E5001F310F /* Project object */ = {
			isa = PBXProject;
			attributes = {
				BuildIndependentTargetsInParallel = 1;
				LastSwiftUpdateCheck = 1420;
				LastUpgradeCheck = 1420;
				TargetAttributes = {
					453E4168295BE6E5001F310F = {
						CreatedOnToolsVersion = 14.2;
					};
				};
			};
			buildConfigurationList = 453E4164295BE6E5001F310F /* Build configuration list for PBXProject "Wordle Taylors Version" */;
			compatibilityVersion = "Xcode 14.0";
			developmentRegion = en;
			hasScannedForEncodings = 0;
			knownRegions = (
				en,
				Base,
			);
			mainGroup = 453E4160295BE6E5001F310F;
			productRefGroup = 453E416A295BE6E5001F310F /* Products */;
			projectDirPath = "";
			projectRoot = "";
			targets = (
				453E4168295BE6E5001F310F /* Wordle Taylors Version */,
			);
		};
/* End PBXProject section */

/* Begin PBXResourcesBuildPhase section */
		453E4167295BE6E5001F310F /* Resources */ = {
			isa = PBXResourcesBuildPhase;
			buildActionMask = 2147483647;
			files = (
				457EB3E32B35554E00BA42A9 /* songs.sqlite in Resources */,
				45F5928E295BF7A500E30415 /* song_titles.txt in Resources */,
				453E4174295BE6E6001F310F /* Preview Assets.xcassets in Resources */,
				45F592A3295D120900E30415 /* Charlotte.ttf in Resources */,
				45D93838295F50D900183A8F /* Colors.xcassets in Resources */,
				453E4171295BE6E6001F310F /* Assets.xcassets in Resources */,
			);
			runOnlyForDeploymentPostprocessing = 0;
		};
/* End PBXResourcesBuildPhase section */

/* Begin PBXSourcesBuildPhase section */
		453E4165295BE6E5001F310F /* Sources */ = {
			isa = PBXSourcesBuildPhase;
			buildActionMask = 2147483647;
			files = (
				45F59289295BF5AA00E30415 /* ContentViewModel.swift in Sources */,
				45F59288295BF5AA00E30415 /* Song.swift in Sources */,
				453E416F295BE6E5001F310F /* ContentView.swift in Sources */,
				457EB3DA2B35340E00BA42A9 /* GameOverInfoView.swift in Sources */,
				45F59298295C1B9B00E30415 /* PracticeView.swift in Sources */,
				45F5929A295C1BB700E30415 /* PracticeViewModel.swift in Sources */,
				45F592A0295CF40500E30415 /* Extensions+WTV.swift in Sources */,
				45214B2C295E993700891C5F /* ViewConstants.swift in Sources */,
				457EB3DC2B35355A00BA42A9 /* LyricDisplayView.swift in Sources */,
				45F59291295C051700E30415 /* DailyView.swift in Sources */,
				453E416D295BE6E5001F310F /* Wordle_Taylors_VersionApp.swift in Sources */,
				45F59294295C05EF00E30415 /* WordleViewModelProtocol.swift in Sources */,
				45F59296295C094800E30415 /* DailyViewModel.swift in Sources */,
			);
			runOnlyForDeploymentPostprocessing = 0;
		};
/* End PBXSourcesBuildPhase section */

/* Begin XCBuildConfiguration section */
		453E418B295BE6E6001F310F /* Debug */ = {
			isa = XCBuildConfiguration;
			buildSettings = {
				ALWAYS_SEARCH_USER_PATHS = NO;
				CLANG_ANALYZER_NONNULL = YES;
				CLANG_ANALYZER_NUMBER_OBJECT_CONVERSION = YES_AGGRESSIVE;
				CLANG_CXX_LANGUAGE_STANDARD = "gnu++20";
				CLANG_ENABLE_MODULES = YES;
				CLANG_ENABLE_OBJC_ARC = YES;
				CLANG_ENABLE_OBJC_WEAK = YES;
				CLANG_WARN_BLOCK_CAPTURE_AUTORELEASING = YES;
				CLANG_WARN_BOOL_CONVERSION = YES;
				CLANG_WARN_COMMA = YES;
				CLANG_WARN_CONSTANT_CONVERSION = YES;
				CLANG_WARN_DEPRECATED_OBJC_IMPLEMENTATIONS = YES;
				CLANG_WARN_DIRECT_OBJC_ISA_USAGE = YES_ERROR;
				CLANG_WARN_DOCUMENTATION_COMMENTS = YES;
				CLANG_WARN_EMPTY_BODY = YES;
				CLANG_WARN_ENUM_CONVERSION = YES;
				CLANG_WARN_INFINITE_RECURSION = YES;
				CLANG_WARN_INT_CONVERSION = YES;
				CLANG_WARN_NON_LITERAL_NULL_CONVERSION = YES;
				CLANG_WARN_OBJC_IMPLICIT_RETAIN_SELF = YES;
				CLANG_WARN_OBJC_LITERAL_CONVERSION = YES;
				CLANG_WARN_OBJC_ROOT_CLASS = YES_ERROR;
				CLANG_WARN_QUOTED_INCLUDE_IN_FRAMEWORK_HEADER = YES;
				CLANG_WARN_RANGE_LOOP_ANALYSIS = YES;
				CLANG_WARN_STRICT_PROTOTYPES = YES;
				CLANG_WARN_SUSPICIOUS_MOVE = YES;
				CLANG_WARN_UNGUARDED_AVAILABILITY = YES_AGGRESSIVE;
				CLANG_WARN_UNREACHABLE_CODE = YES;
				CLANG_WARN__DUPLICATE_METHOD_MATCH = YES;
				COPY_PHASE_STRIP = NO;
				DEBUG_INFORMATION_FORMAT = dwarf;
				ENABLE_STRICT_OBJC_MSGSEND = YES;
				ENABLE_TESTABILITY = YES;
				GCC_C_LANGUAGE_STANDARD = gnu11;
				GCC_DYNAMIC_NO_PIC = NO;
				GCC_NO_COMMON_BLOCKS = YES;
				GCC_OPTIMIZATION_LEVEL = 0;
				GCC_PREPROCESSOR_DEFINITIONS = (
					"DEBUG=1",
					"$(inherited)",
				);
				GCC_WARN_64_TO_32_BIT_CONVERSION = YES;
				GCC_WARN_ABOUT_RETURN_TYPE = YES_ERROR;
				GCC_WARN_UNDECLARED_SELECTOR = YES;
				GCC_WARN_UNINITIALIZED_AUTOS = YES_AGGRESSIVE;
				GCC_WARN_UNUSED_FUNCTION = YES;
				GCC_WARN_UNUSED_VARIABLE = YES;
				INFOPLIST_KEY_LSApplicationCategoryType = "public.app-category.games";
				INFOPLIST_KEY_UIRequiresFullScreen = NO;
				INFOPLIST_KEY_UIStatusBarHidden = YES;
				IPHONEOS_DEPLOYMENT_TARGET = 16.2;
				MTL_ENABLE_DEBUG_INFO = INCLUDE_SOURCE;
				MTL_FAST_MATH = YES;
				NEW_SETTING = "";
				ONLY_ACTIVE_ARCH = YES;
				SDKROOT = iphoneos;
				SWIFT_ACTIVE_COMPILATION_CONDITIONS = DEBUG;
				SWIFT_OPTIMIZATION_LEVEL = "-Onone";
			};
			name = Debug;
		};
		453E418C295BE6E6001F310F /* Release */ = {
			isa = XCBuildConfiguration;
			buildSettings = {
				ALWAYS_SEARCH_USER_PATHS = NO;
				CLANG_ANALYZER_NONNULL = YES;
				CLANG_ANALYZER_NUMBER_OBJECT_CONVERSION = YES_AGGRESSIVE;
				CLANG_CXX_LANGUAGE_STANDARD = "gnu++20";
				CLANG_ENABLE_MODULES = YES;
				CLANG_ENABLE_OBJC_ARC = YES;
				CLANG_ENABLE_OBJC_WEAK = YES;
				CLANG_WARN_BLOCK_CAPTURE_AUTORELEASING = YES;
				CLANG_WARN_BOOL_CONVERSION = YES;
				CLANG_WARN_COMMA = YES;
				CLANG_WARN_CONSTANT_CONVERSION = YES;
				CLANG_WARN_DEPRECATED_OBJC_IMPLEMENTATIONS = YES;
				CLANG_WARN_DIRECT_OBJC_ISA_USAGE = YES_ERROR;
				CLANG_WARN_DOCUMENTATION_COMMENTS = YES;
				CLANG_WARN_EMPTY_BODY = YES;
				CLANG_WARN_ENUM_CONVERSION = YES;
				CLANG_WARN_INFINITE_RECURSION = YES;
				CLANG_WARN_INT_CONVERSION = YES;
				CLANG_WARN_NON_LITERAL_NULL_CONVERSION = YES;
				CLANG_WARN_OBJC_IMPLICIT_RETAIN_SELF = YES;
				CLANG_WARN_OBJC_LITERAL_CONVERSION = YES;
				CLANG_WARN_OBJC_ROOT_CLASS = YES_ERROR;
				CLANG_WARN_QUOTED_INCLUDE_IN_FRAMEWORK_HEADER = YES;
				CLANG_WARN_RANGE_LOOP_ANALYSIS = YES;
				CLANG_WARN_STRICT_PROTOTYPES = YES;
				CLANG_WARN_SUSPICIOUS_MOVE = YES;
				CLANG_WARN_UNGUARDED_AVAILABILITY = YES_AGGRESSIVE;
				CLANG_WARN_UNREACHABLE_CODE = YES;
				CLANG_WARN__DUPLICATE_METHOD_MATCH = YES;
				COPY_PHASE_STRIP = NO;
				DEBUG_INFORMATION_FORMAT = "dwarf-with-dsym";
				ENABLE_NS_ASSERTIONS = NO;
				ENABLE_STRICT_OBJC_MSGSEND = YES;
				GCC_C_LANGUAGE_STANDARD = gnu11;
				GCC_NO_COMMON_BLOCKS = YES;
				GCC_WARN_64_TO_32_BIT_CONVERSION = YES;
				GCC_WARN_ABOUT_RETURN_TYPE = YES_ERROR;
				GCC_WARN_UNDECLARED_SELECTOR = YES;
				GCC_WARN_UNINITIALIZED_AUTOS = YES_AGGRESSIVE;
				GCC_WARN_UNUSED_FUNCTION = YES;
				GCC_WARN_UNUSED_VARIABLE = YES;
				INFOPLIST_KEY_LSApplicationCategoryType = "public.app-category.games";
				INFOPLIST_KEY_UIRequiresFullScreen = NO;
				INFOPLIST_KEY_UIStatusBarHidden = YES;
				IPHONEOS_DEPLOYMENT_TARGET = 16.2;
				MTL_ENABLE_DEBUG_INFO = NO;
				MTL_FAST_MATH = YES;
				NEW_SETTING = "";
				SDKROOT = iphoneos;
				SWIFT_COMPILATION_MODE = wholemodule;
				SWIFT_OPTIMIZATION_LEVEL = "-O";
				VALIDATE_PRODUCT = YES;
			};
			name = Release;
		};
		453E418E295BE6E6001F310F /* Debug */ = {
			isa = XCBuildConfiguration;
			buildSettings = {
				ASSETCATALOG_COMPILER_APPICON_NAME = AppIcon;
				ASSETCATALOG_COMPILER_GLOBAL_ACCENT_COLOR_NAME = AccentColor;
				CODE_SIGN_STYLE = Automatic;
				CURRENT_PROJECT_VERSION = 1;
				DEVELOPMENT_ASSET_PATHS = "\"Wordle Taylors Version/Preview Content\"";
				DEVELOPMENT_TEAM = KMDWJ5F2JF;
				ENABLE_PREVIEWS = YES;
				GENERATE_INFOPLIST_FILE = YES;
				INFOPLIST_FILE = "Wordle-Taylors-Version-Info.plist";
				INFOPLIST_KEY_CFBundleDisplayName = "Wordle (TV)";
				INFOPLIST_KEY_LSApplicationCategoryType = "public.app-category.word-games";
				INFOPLIST_KEY_UIApplicationSupportsIndirectInputEvents = YES;
				INFOPLIST_KEY_UILaunchScreen_Generation = YES;
				INFOPLIST_KEY_UISupportedInterfaceOrientations = UIInterfaceOrientationPortrait;
				INFOPLIST_KEY_UISupportedInterfaceOrientations_iPad = "UIInterfaceOrientationLandscapeLeft UIInterfaceOrientationLandscapeRight UIInterfaceOrientationPortrait UIInterfaceOrientationPortraitUpsideDown";
				IPHONEOS_DEPLOYMENT_TARGET = 17.0;
				LD_RUNPATH_SEARCH_PATHS = (
					"$(inherited)",
					"@executable_path/Frameworks",
				);
				MARKETING_VERSION = 1.0.2;
				PRODUCT_BUNDLE_IDENTIFIER = "com.otispeterson.Wordle-Taylors-Version";
				PRODUCT_NAME = "$(TARGET_NAME)";
				SWIFT_EMIT_LOC_STRINGS = YES;
				SWIFT_VERSION = 5.0;
				TARGETED_DEVICE_FAMILY = "1,2";
			};
			name = Debug;
		};
		453E418F295BE6E6001F310F /* Release */ = {
			isa = XCBuildConfiguration;
			buildSettings = {
				ASSETCATALOG_COMPILER_APPICON_NAME = AppIcon;
				ASSETCATALOG_COMPILER_GLOBAL_ACCENT_COLOR_NAME = AccentColor;
				CODE_SIGN_STYLE = Automatic;
				CURRENT_PROJECT_VERSION = 1;
				DEVELOPMENT_ASSET_PATHS = "\"Wordle Taylors Version/Preview Content\"";
				DEVELOPMENT_TEAM = KMDWJ5F2JF;
				ENABLE_PREVIEWS = YES;
				GENERATE_INFOPLIST_FILE = YES;
				INFOPLIST_FILE = "Wordle-Taylors-Version-Info.plist";
				INFOPLIST_KEY_CFBundleDisplayName = "Wordle (TV)";
				INFOPLIST_KEY_LSApplicationCategoryType = "public.app-category.word-games";
				INFOPLIST_KEY_UIApplicationSupportsIndirectInputEvents = YES;
				INFOPLIST_KEY_UILaunchScreen_Generation = YES;
				INFOPLIST_KEY_UISupportedInterfaceOrientations = UIInterfaceOrientationPortrait;
				INFOPLIST_KEY_UISupportedInterfaceOrientations_iPad = "UIInterfaceOrientationLandscapeLeft UIInterfaceOrientationLandscapeRight UIInterfaceOrientationPortrait UIInterfaceOrientationPortraitUpsideDown";
				IPHONEOS_DEPLOYMENT_TARGET = 17.0;
				LD_RUNPATH_SEARCH_PATHS = (
					"$(inherited)",
					"@executable_path/Frameworks",
				);
				MARKETING_VERSION = 1.0.2;
				PRODUCT_BUNDLE_IDENTIFIER = "com.otispeterson.Wordle-Taylors-Version";
				PRODUCT_NAME = "$(TARGET_NAME)";
				SWIFT_EMIT_LOC_STRINGS = YES;
				SWIFT_VERSION = 5.0;
				TARGETED_DEVICE_FAMILY = "1,2";
			};
			name = Release;
		};
/* End XCBuildConfiguration section */

/* Begin XCConfigurationList section */
		453E4164295BE6E5001F310F /* Build configuration list for PBXProject "Wordle Taylors Version" */ = {
			isa = XCConfigurationList;
			buildConfigurations = (
				453E418B295BE6E6001F310F /* Debug */,
				453E418C295BE6E6001F310F /* Release */,
			);
			defaultConfigurationIsVisible = 0;
			defaultConfigurationName = Release;
		};
		453E418D295BE6E6001F310F /* Build configuration list for PBXNativeTarget "Wordle Taylors Version" */ = {
			isa = XCConfigurationList;
			buildConfigurations = (
				453E418E295BE6E6001F310F /* Debug */,
				453E418F295BE6E6001F310F /* Release */,
			);
			defaultConfigurationIsVisible = 0;
			defaultConfigurationName = Release;
		};
/* End XCConfigurationList section */
	};
	rootObject = 453E4161295BE6E5001F310F /* Project object */;
}
